
Microsoft Visual Studio Solution File, Format Version 12.00
# Visual Studio Version 17
VisualStudioVersion = 17.8.34309.116
MinimumVisualStudioVersion = 10.0.40219.1
Project("{9A19103F-16F7-4668-BE54-9A1E7A4F7556}") = "SangoUtils_Server_App", "SangoUtils_Server\SangoUtils_Server_App.csproj", "{40A95539-52FA-418D-8693-0B8F6244F703}"
EndProject
Project("{9A19103F-16F7-4668-BE54-9A1E7A4F7556}") = "SangoUtils_Common", "SangoUtils_Common\SangoUtils_Common.csproj", "{D76CA597-ABF6-4A72-B6F9-D181D829B486}"
EndProject
Project("{9A19103F-16F7-4668-BE54-9A1E7A4F7556}") = "SangoUtils_Server_Scripts", "SangoScripts_Server\SangoUtils_Server_Scripts.csproj", "{96A91DDA-C96B-4820-AF22-86D71C59BF4C}"
EndProject
Project("{9A19103F-16F7-4668-BE54-9A1E7A4F7556}") = "SangoUtils_FixedNum", "SangoUtils_FixedNum\SangoUtils_FixedNum.csproj", "{6FD05DE5-665D-4128-B14A-7236B2D22FD2}"
EndProject
Project("{9A19103F-16F7-4668-BE54-9A1E7A4F7556}") = "SangoUtils_Physics", "SangoUtils_Physics\SangoUtils_Physics.csproj", "{2B4C4104-30C6-431F-BBA7-33EE019C3A91}"
EndProject
Project("{9A19103F-16F7-4668-BE54-9A1E7A4F7556}") = "SangoUtils_Logger", "SangoUtils_Logger\SangoUtils_Logger.csproj", "{EAE03B2F-6F79-438C-B167-662A6D60D60E}"
EndProject
Project("{9A19103F-16F7-4668-BE54-9A1E7A4F7556}") = "SangoUtils_IOCP", "SangoUtils_IOCP\SangoUtils_IOCP.csproj", "{F2DC5281-5A5B-4D73-8B38-AF2F8B4006AE}"
EndProject
Project("{9A19103F-16F7-4668-BE54-9A1E7A4F7556}") = "SangoUtils_Event", "SangoUtils_Event\SangoUtils_Event.csproj", "{0F75ECEC-8206-43C5-A3C9-41107262F102}"
EndProject
Project("{9A19103F-16F7-4668-BE54-9A1E7A4F7556}") = "SangoUtils_FSM", "SangoUtils_FSM\SangoUtils_FSM.csproj", "{A95CC1CC-0FE1-44C5-A13F-BCBAAC0F633D}"
EndProject
Project("{9A19103F-16F7-4668-BE54-9A1E7A4F7556}") = "SangoUtils_Extensions_UnityEngine", "SangoUtils_Extensions_UnityEngine\SangoUtils_Extensions_UnityEngine.csproj", "{2D6CCA90-31E3-48A8-886D-7F229B7DF359}"
EndProject
Project("{9A19103F-16F7-4668-BE54-9A1E7A4F7556}") = "SangoUtils_Task", "SangoUtils_Task\SangoUtils_Task.csproj", "{F1B8A203-D0EF-4AEB-B11B-75B6C14BD780}"
EndProject
Project("{9A19103F-16F7-4668-BE54-9A1E7A4F7556}") = "SangoUtils_NetOperation", "SangoUtils_NetOperation\SangoUtils_NetOperation.csproj", "{4EFA37FE-7B26-489E-9858-55A68FDB7C69}"
EndProject
Project("{9A19103F-16F7-4668-BE54-9A1E7A4F7556}") = "SangoUtils_UDP", "SangoUtils_UDP\SangoUtils_UDP.csproj", "{A9CD4BE2-2C3F-4E92-8774-6F221F842452}"
EndProject
Project("{9A19103F-16F7-4668-BE54-9A1E7A4F7556}") = "TestConsole", "TestConsole\TestConsole.csproj", "{09EF293B-7CB6-49A1-B2DD-D0693C591AC5}"
EndProject
Project("{9A19103F-16F7-4668-BE54-9A1E7A4F7556}") = "SangoUtils_NetAdapter", "SangoUtils_NetAdapter\SangoUtils_NetAdapter.csproj", "{1D24A0ED-7B2B-4A08-AD27-A9E46C47A5D5}"
EndProject
Project("{9A19103F-16F7-4668-BE54-9A1E7A4F7556}") = "SangoUtils_Bases_UnityEngine", "SangoUtils_Bases_UnityEngine\SangoUtils_Bases_UnityEngine.csproj", "{56EB783B-0489-4FF5-93B0-98507A366007}"
EndProject
Project("{9A19103F-16F7-4668-BE54-9A1E7A4F7556}") = "SangoUtils_Bases_Universal", "SangoUtils_Bases_Universal\SangoUtils_Bases_Universal.csproj", "{8BED06BC-6900-4A01-B007-F40A83D4D083}"
EndProject
Project("{FAE04EC0-301F-11D3-BF4B-00C04F79EFBC}") = "SangoUtils_Extensions_Universal", "SangoUtils_Extensions_Universal\SangoUtils_Extensions_Universal.csproj", "{10A70B57-57F7-42D8-91F0-4E7407BFE69C}"
EndProject
Project("{FAE04EC0-301F-11D3-BF4B-00C04F79EFBC}") = "SangoUtils_Converter", "SangoUtils_Converter\SangoUtils_Converter.csproj", "{08EED031-E32B-41A3-A37F-54BEA11E6FE7}"
EndProject
Project("{FAE04EC0-301F-11D3-BF4B-00C04F79EFBC}") = "SangoUtils_UnityWebRequest", "SangoUtils_UnityWebRequest\SangoUtils_UnityWebRequest.csproj", "{FE4D3CA9-5446-42BB-A32E-68217AE63B46}"
EndProject
Global
	GlobalSection(SolutionConfigurationPlatforms) = preSolution
		Debug|Any CPU = Debug|Any CPU
		Release|Any CPU = Release|Any CPU
	EndGlobalSection
	GlobalSection(ProjectConfigurationPlatforms) = postSolution
		{40A95539-52FA-418D-8693-0B8F6244F703}.Debug|Any CPU.ActiveCfg = Debug|Any CPU
		{40A95539-52FA-418D-8693-0B8F6244F703}.Debug|Any CPU.Build.0 = Debug|Any CPU
		{40A95539-52FA-418D-8693-0B8F6244F703}.Release|Any CPU.ActiveCfg = Release|Any CPU
		{40A95539-52FA-418D-8693-0B8F6244F703}.Release|Any CPU.Build.0 = Release|Any CPU
		{D76CA597-ABF6-4A72-B6F9-D181D829B486}.Debug|Any CPU.ActiveCfg = Debug|Any CPU
		{D76CA597-ABF6-4A72-B6F9-D181D829B486}.Debug|Any CPU.Build.0 = Debug|Any CPU
		{D76CA597-ABF6-4A72-B6F9-D181D829B486}.Release|Any CPU.ActiveCfg = Release|Any CPU
		{D76CA597-ABF6-4A72-B6F9-D181D829B486}.Release|Any CPU.Build.0 = Release|Any CPU
		{96A91DDA-C96B-4820-AF22-86D71C59BF4C}.Debug|Any CPU.ActiveCfg = Debug|Any CPU
		{96A91DDA-C96B-4820-AF22-86D71C59BF4C}.Debug|Any CPU.Build.0 = Debug|Any CPU
		{96A91DDA-C96B-4820-AF22-86D71C59BF4C}.Release|Any CPU.ActiveCfg = Release|Any CPU
		{96A91DDA-C96B-4820-AF22-86D71C59BF4C}.Release|Any CPU.Build.0 = Release|Any CPU
		{6FD05DE5-665D-4128-B14A-7236B2D22FD2}.Debug|Any CPU.ActiveCfg = Debug|Any CPU
		{6FD05DE5-665D-4128-B14A-7236B2D22FD2}.Debug|Any CPU.Build.0 = Debug|Any CPU
		{6FD05DE5-665D-4128-B14A-7236B2D22FD2}.Release|Any CPU.ActiveCfg = Release|Any CPU
		{6FD05DE5-665D-4128-B14A-7236B2D22FD2}.Release|Any CPU.Build.0 = Release|Any CPU
		{2B4C4104-30C6-431F-BBA7-33EE019C3A91}.Debug|Any CPU.ActiveCfg = Debug|Any CPU
		{2B4C4104-30C6-431F-BBA7-33EE019C3A91}.Debug|Any CPU.Build.0 = Debug|Any CPU
		{2B4C4104-30C6-431F-BBA7-33EE019C3A91}.Release|Any CPU.ActiveCfg = Release|Any CPU
		{2B4C4104-30C6-431F-BBA7-33EE019C3A91}.Release|Any CPU.Build.0 = Release|Any CPU
		{EAE03B2F-6F79-438C-B167-662A6D60D60E}.Debug|Any CPU.ActiveCfg = Debug|Any CPU
		{EAE03B2F-6F79-438C-B167-662A6D60D60E}.Debug|Any CPU.Build.0 = Debug|Any CPU
		{EAE03B2F-6F79-438C-B167-662A6D60D60E}.Release|Any CPU.ActiveCfg = Release|Any CPU
		{EAE03B2F-6F79-438C-B167-662A6D60D60E}.Release|Any CPU.Build.0 = Release|Any CPU
		{F2DC5281-5A5B-4D73-8B38-AF2F8B4006AE}.Debug|Any CPU.ActiveCfg = Debug|Any CPU
		{F2DC5281-5A5B-4D73-8B38-AF2F8B4006AE}.Debug|Any CPU.Build.0 = Debug|Any CPU
		{F2DC5281-5A5B-4D73-8B38-AF2F8B4006AE}.Release|Any CPU.ActiveCfg = Release|Any CPU
		{F2DC5281-5A5B-4D73-8B38-AF2F8B4006AE}.Release|Any CPU.Build.0 = Release|Any CPU
		{0F75ECEC-8206-43C5-A3C9-41107262F102}.Debug|Any CPU.ActiveCfg = Debug|Any CPU
		{0F75ECEC-8206-43C5-A3C9-41107262F102}.Debug|Any CPU.Build.0 = Debug|Any CPU
		{0F75ECEC-8206-43C5-A3C9-41107262F102}.Release|Any CPU.ActiveCfg = Release|Any CPU
		{0F75ECEC-8206-43C5-A3C9-41107262F102}.Release|Any CPU.Build.0 = Release|Any CPU
		{A95CC1CC-0FE1-44C5-A13F-BCBAAC0F633D}.Debug|Any CPU.ActiveCfg = Debug|Any CPU
		{A95CC1CC-0FE1-44C5-A13F-BCBAAC0F633D}.Debug|Any CPU.Build.0 = Debug|Any CPU
		{A95CC1CC-0FE1-44C5-A13F-BCBAAC0F633D}.Release|Any CPU.ActiveCfg = Release|Any CPU
		{A95CC1CC-0FE1-44C5-A13F-BCBAAC0F633D}.Release|Any CPU.Build.0 = Release|Any CPU
		{2D6CCA90-31E3-48A8-886D-7F229B7DF359}.Debug|Any CPU.ActiveCfg = Debug|Any CPU
		{2D6CCA90-31E3-48A8-886D-7F229B7DF359}.Debug|Any CPU.Build.0 = Debug|Any CPU
		{2D6CCA90-31E3-48A8-886D-7F229B7DF359}.Release|Any CPU.ActiveCfg = Release|Any CPU
		{2D6CCA90-31E3-48A8-886D-7F229B7DF359}.Release|Any CPU.Build.0 = Release|Any CPU
		{F1B8A203-D0EF-4AEB-B11B-75B6C14BD780}.Debug|Any CPU.ActiveCfg = Debug|Any CPU
		{F1B8A203-D0EF-4AEB-B11B-75B6C14BD780}.Debug|Any CPU.Build.0 = Debug|Any CPU
		{F1B8A203-D0EF-4AEB-B11B-75B6C14BD780}.Release|Any CPU.ActiveCfg = Release|Any CPU
		{F1B8A203-D0EF-4AEB-B11B-75B6C14BD780}.Release|Any CPU.Build.0 = Release|Any CPU
		{4EFA37FE-7B26-489E-9858-55A68FDB7C69}.Debug|Any CPU.ActiveCfg = Debug|Any CPU
		{4EFA37FE-7B26-489E-9858-55A68FDB7C69}.Debug|Any CPU.Build.0 = Debug|Any CPU
		{4EFA37FE-7B26-489E-9858-55A68FDB7C69}.Release|Any CPU.ActiveCfg = Release|Any CPU
		{4EFA37FE-7B26-489E-9858-55A68FDB7C69}.Release|Any CPU.Build.0 = Release|Any CPU
		{A9CD4BE2-2C3F-4E92-8774-6F221F842452}.Debug|Any CPU.ActiveCfg = Debug|Any CPU
		{A9CD4BE2-2C3F-4E92-8774-6F221F842452}.Debug|Any CPU.Build.0 = Debug|Any CPU
		{A9CD4BE2-2C3F-4E92-8774-6F221F842452}.Release|Any CPU.ActiveCfg = Release|Any CPU
		{A9CD4BE2-2C3F-4E92-8774-6F221F842452}.Release|Any CPU.Build.0 = Release|Any CPU
		{09EF293B-7CB6-49A1-B2DD-D0693C591AC5}.Debug|Any CPU.ActiveCfg = Debug|Any CPU
		{09EF293B-7CB6-49A1-B2DD-D0693C591AC5}.Debug|Any CPU.Build.0 = Debug|Any CPU
		{09EF293B-7CB6-49A1-B2DD-D0693C591AC5}.Release|Any CPU.ActiveCfg = Release|Any CPU
		{09EF293B-7CB6-49A1-B2DD-D0693C591AC5}.Release|Any CPU.Build.0 = Release|Any CPU
		{1D24A0ED-7B2B-4A08-AD27-A9E46C47A5D5}.Debug|Any CPU.ActiveCfg = Debug|Any CPU
		{1D24A0ED-7B2B-4A08-AD27-A9E46C47A5D5}.Debug|Any CPU.Build.0 = Debug|Any CPU
		{1D24A0ED-7B2B-4A08-AD27-A9E46C47A5D5}.Release|Any CPU.ActiveCfg = Release|Any CPU
		{1D24A0ED-7B2B-4A08-AD27-A9E46C47A5D5}.Release|Any CPU.Build.0 = Release|Any CPU
		{56EB783B-0489-4FF5-93B0-98507A366007}.Debug|Any CPU.ActiveCfg = Debug|Any CPU
		{56EB783B-0489-4FF5-93B0-98507A366007}.Debug|Any CPU.Build.0 = Debug|Any CPU
		{56EB783B-0489-4FF5-93B0-98507A366007}.Release|Any CPU.ActiveCfg = Release|Any CPU
		{56EB783B-0489-4FF5-93B0-98507A366007}.Release|Any CPU.Build.0 = Release|Any CPU
		{8BED06BC-6900-4A01-B007-F40A83D4D083}.Debug|Any CPU.ActiveCfg = Debug|Any CPU
		{8BED06BC-6900-4A01-B007-F40A83D4D083}.Debug|Any CPU.Build.0 = Debug|Any CPU
		{8BED06BC-6900-4A01-B007-F40A83D4D083}.Release|Any CPU.ActiveCfg = Release|Any CPU
		{8BED06BC-6900-4A01-B007-F40A83D4D083}.Release|Any CPU.Build.0 = Release|Any CPU
		{10A70B57-57F7-42D8-91F0-4E7407BFE69C}.Debug|Any CPU.ActiveCfg = Debug|Any CPU
		{10A70B57-57F7-42D8-91F0-4E7407BFE69C}.Debug|Any CPU.Build.0 = Debug|Any CPU
		{10A70B57-57F7-42D8-91F0-4E7407BFE69C}.Release|Any CPU.ActiveCfg = Release|Any CPU
		{10A70B57-57F7-42D8-91F0-4E7407BFE69C}.Release|Any CPU.Build.0 = Release|Any CPU
		{08EED031-E32B-41A3-A37F-54BEA11E6FE7}.Debug|Any CPU.ActiveCfg = Debug|Any CPU
		{08EED031-E32B-41A3-A37F-54BEA11E6FE7}.Debug|Any CPU.Build.0 = Debug|Any CPU
		{08EED031-E32B-41A3-A37F-54BEA11E6FE7}.Release|Any CPU.ActiveCfg = Release|Any CPU
		{08EED031-E32B-41A3-A37F-54BEA11E6FE7}.Release|Any CPU.Build.0 = Release|Any CPU
		{FE4D3CA9-5446-42BB-A32E-68217AE63B46}.Debug|Any CPU.ActiveCfg = Debug|Any CPU
		{FE4D3CA9-5446-42BB-A32E-68217AE63B46}.Debug|Any CPU.Build.0 = Debug|Any CPU
		{FE4D3CA9-5446-42BB-A32E-68217AE63B46}.Release|Any CPU.ActiveCfg = Release|Any CPU
		{FE4D3CA9-5446-42BB-A32E-68217AE63B46}.Release|Any CPU.Build.0 = Release|Any CPU
	EndGlobalSection
	GlobalSection(SolutionProperties) = preSolution
		HideSolutionNode = FALSE
	EndGlobalSection
	GlobalSection(ExtensibilityGlobals) = postSolution
		SolutionGuid = {4CF5F85C-2088-4D80-9A20-403947ABE537}
	EndGlobalSection
EndGlobal
