
Microsoft Visual Studio Solution File, Format Version 12.00
# Visual Studio Version 17
VisualStudioVersion = 17.8.34309.116
MinimumVisualStudioVersion = 10.0.40219.1
Project("{9A19103F-16F7-4668-BE54-9A1E7A4F7556}") = "SangoUtils_Server_App", "SangoUtils_Server\SangoUtils_Server_App.csproj", "{40A95539-52FA-418D-8693-0B8F6244F703}"
EndProject
Project("{9A19103F-16F7-4668-BE54-9A1E7A4F7556}") = "SangoUtils.Commons", "SangoUtils_Common\SangoUtils.Commons.csproj", "{D76CA597-ABF6-4A72-B6F9-D181D829B486}"
EndProject
Project("{9A19103F-16F7-4668-BE54-9A1E7A4F7556}") = "SangoUtils_Server_Scripts", "SangoScripts_Server\SangoUtils_Server_Scripts.csproj", "{96A91DDA-C96B-4820-AF22-86D71C59BF4C}"
EndProject
Project("{9A19103F-16F7-4668-BE54-9A1E7A4F7556}") = "SangoUtils.FixedNums", "SangoUtils_FixedNum\SangoUtils.FixedNums.csproj", "{6FD05DE5-665D-4128-B14A-7236B2D22FD2}"
EndProject
Project("{9A19103F-16F7-4668-BE54-9A1E7A4F7556}") = "SangoUtils.PhysicExtensions_Unity", "SangoUtils_Physics\SangoUtils.PhysicExtensions_Unity.csproj", "{2B4C4104-30C6-431F-BBA7-33EE019C3A91}"
EndProject
Project("{9A19103F-16F7-4668-BE54-9A1E7A4F7556}") = "SangoUtils.Loggers", "SangoUtils_Logger\SangoUtils.Loggers.csproj", "{EAE03B2F-6F79-438C-B167-662A6D60D60E}"
EndProject
Project("{9A19103F-16F7-4668-BE54-9A1E7A4F7556}") = "SangoUtils.IOCPs", "SangoUtils_IOCP\SangoUtils.IOCPs.csproj", "{F2DC5281-5A5B-4D73-8B38-AF2F8B4006AE}"
EndProject
Project("{9A19103F-16F7-4668-BE54-9A1E7A4F7556}") = "SangoUtils.Events", "SangoUtils_Event\SangoUtils.Events.csproj", "{0F75ECEC-8206-43C5-A3C9-41107262F102}"
EndProject
Project("{9A19103F-16F7-4668-BE54-9A1E7A4F7556}") = "SangoUtils.FSMs", "SangoUtils_FSM\SangoUtils.FSMs.csproj", "{A95CC1CC-0FE1-44C5-A13F-BCBAAC0F633D}"
EndProject
Project("{9A19103F-16F7-4668-BE54-9A1E7A4F7556}") = "SangoUtils.Extensions_Unity", "SangoUtils_Extensions_UnityEngine\SangoUtils.Extensions_Unity.csproj", "{2D6CCA90-31E3-48A8-886D-7F229B7DF359}"
EndProject
Project("{9A19103F-16F7-4668-BE54-9A1E7A4F7556}") = "SangoUtils.Tasks", "SangoUtils_Task\SangoUtils.Tasks.csproj", "{F1B8A203-D0EF-4AEB-B11B-75B6C14BD780}"
EndProject
Project("{9A19103F-16F7-4668-BE54-9A1E7A4F7556}") = "SangoUtils.NetOperations", "SangoUtils_NetOperation\SangoUtils.NetOperations.csproj", "{4EFA37FE-7B26-489E-9858-55A68FDB7C69}"
EndProject
Project("{9A19103F-16F7-4668-BE54-9A1E7A4F7556}") = "SangoUtils.UDPClients", "SangoUtils_UDP\SangoUtils.UDPClients.csproj", "{A9CD4BE2-2C3F-4E92-8774-6F221F842452}"
EndProject
Project("{9A19103F-16F7-4668-BE54-9A1E7A4F7556}") = "TestConsole", "TestConsole\TestConsole.csproj", "{09EF293B-7CB6-49A1-B2DD-D0693C591AC5}"
EndProject
Project("{9A19103F-16F7-4668-BE54-9A1E7A4F7556}") = "SangoUtils.NetAdapters", "SangoUtils_NetAdapter\SangoUtils.NetAdapters.csproj", "{1D24A0ED-7B2B-4A08-AD27-A9E46C47A5D5}"
EndProject
Project("{9A19103F-16F7-4668-BE54-9A1E7A4F7556}") = "SangoUtils.Bases_Unity", "SangoUtils_Bases_UnityEngine\SangoUtils.Bases_Unity.csproj", "{56EB783B-0489-4FF5-93B0-98507A366007}"
EndProject
Project("{9A19103F-16F7-4668-BE54-9A1E7A4F7556}") = "SangoUtils.Bases", "SangoUtils_Bases_Universal\SangoUtils.Bases.csproj", "{8BED06BC-6900-4A01-B007-F40A83D4D083}"
EndProject
Project("{9A19103F-16F7-4668-BE54-9A1E7A4F7556}") = "SangoUtils.Extensions", "SangoUtils_Extensions_Universal\SangoUtils.Extensions.csproj", "{10A70B57-57F7-42D8-91F0-4E7407BFE69C}"
EndProject
Project("{9A19103F-16F7-4668-BE54-9A1E7A4F7556}") = "SangoUtils.Converters", "SangoUtils_Converter\SangoUtils.Converters.csproj", "{08EED031-E32B-41A3-A37F-54BEA11E6FE7}"
EndProject
Project("{9A19103F-16F7-4668-BE54-9A1E7A4F7556}") = "SangoUtils.Sockets", "SangoUtils_Socket\SangoUtils.Sockets.csproj", "{9D779539-AFDD-4072-B756-529E30F69C3D}"
EndProject
Project("{9A19103F-16F7-4668-BE54-9A1E7A4F7556}") = "SangoUtils.NetOperationsClassic", "SangoUtils_NetOperation_Classic\SangoUtils.NetOperationsClassic.csproj", "{34666924-FE30-4A87-AAB4-159377087B4B}"
EndProject
Project("{9A19103F-16F7-4668-BE54-9A1E7A4F7556}") = "SangoUtils.CommonsClassic", "SangoUtils_Common_Classic\SangoUtils.CommonsClassic.csproj", "{4B7477FD-3AC7-4BE4-BBE3-819FBEF46EB3}"
EndProject
Project("{9A19103F-16F7-4668-BE54-9A1E7A4F7556}") = "SangoUtils.Editors_Unity", "SangoUtils_Editors_UnityEngine\SangoUtils.Editors_Unity.csproj", "{98BA5CC7-FF2B-4F8C-AAD1-B42788934F0E}"
EndProject
Project("{9A19103F-16F7-4668-BE54-9A1E7A4F7556}") = "SangoUtils.EditorWindows_Unity", "SangoUtils_EditorUtilities_UnityEngine\SangoUtils.EditorWindows_Unity.csproj", "{B31A5397-FE33-4674-925C-D5D1F10B64E9}"
EndProject
Project("{9A19103F-16F7-4668-BE54-9A1E7A4F7556}") = "SangoUtils.Engines_Unity", "SangoUtils.Engines_Unity\SangoUtils.Engines_Unity.csproj", "{E66631AA-1832-4A56-A9E7-87AF1C6FEA82}"
EndProject
Project("{FAE04EC0-301F-11D3-BF4B-00C04F79EFBC}") = "SangoUtils.HolographySpace_Unity", "SangoUtils.SangoHolographySpace\SangoUtils.HolographySpace_Unity.csproj", "{6F91D711-B146-439F-B5DB-2207816795E6}"
EndProject
Global
	GlobalSection(SolutionConfigurationPlatforms) = preSolution
		Debug|Any CPU = Debug|Any CPU
		Release|Any CPU = Release|Any CPU
	EndGlobalSection
	GlobalSection(ProjectConfigurationPlatforms) = postSolution
		{40A95539-52FA-418D-8693-0B8F6244F703}.Debug|Any CPU.ActiveCfg = Debug|Any CPU
		{40A95539-52FA-418D-8693-0B8F6244F703}.Debug|Any CPU.Build.0 = Debug|Any CPU
		{40A95539-52FA-418D-8693-0B8F6244F703}.Release|Any CPU.ActiveCfg = Release|Any CPU
		{40A95539-52FA-418D-8693-0B8F6244F703}.Release|Any CPU.Build.0 = Release|Any CPU
		{D76CA597-ABF6-4A72-B6F9-D181D829B486}.Debug|Any CPU.ActiveCfg = Debug|Any CPU
		{D76CA597-ABF6-4A72-B6F9-D181D829B486}.Debug|Any CPU.Build.0 = Debug|Any CPU
		{D76CA597-ABF6-4A72-B6F9-D181D829B486}.Release|Any CPU.ActiveCfg = Release|Any CPU
		{D76CA597-ABF6-4A72-B6F9-D181D829B486}.Release|Any CPU.Build.0 = Release|Any CPU
		{96A91DDA-C96B-4820-AF22-86D71C59BF4C}.Debug|Any CPU.ActiveCfg = Debug|Any CPU
		{96A91DDA-C96B-4820-AF22-86D71C59BF4C}.Debug|Any CPU.Build.0 = Debug|Any CPU
		{96A91DDA-C96B-4820-AF22-86D71C59BF4C}.Release|Any CPU.ActiveCfg = Release|Any CPU
		{96A91DDA-C96B-4820-AF22-86D71C59BF4C}.Release|Any CPU.Build.0 = Release|Any CPU
		{6FD05DE5-665D-4128-B14A-7236B2D22FD2}.Debug|Any CPU.ActiveCfg = Debug|Any CPU
		{6FD05DE5-665D-4128-B14A-7236B2D22FD2}.Debug|Any CPU.Build.0 = Debug|Any CPU
		{6FD05DE5-665D-4128-B14A-7236B2D22FD2}.Release|Any CPU.ActiveCfg = Release|Any CPU
		{6FD05DE5-665D-4128-B14A-7236B2D22FD2}.Release|Any CPU.Build.0 = Release|Any CPU
		{2B4C4104-30C6-431F-BBA7-33EE019C3A91}.Debug|Any CPU.ActiveCfg = Debug|Any CPU
		{2B4C4104-30C6-431F-BBA7-33EE019C3A91}.Debug|Any CPU.Build.0 = Debug|Any CPU
		{2B4C4104-30C6-431F-BBA7-33EE019C3A91}.Release|Any CPU.ActiveCfg = Release|Any CPU
		{2B4C4104-30C6-431F-BBA7-33EE019C3A91}.Release|Any CPU.Build.0 = Release|Any CPU
		{EAE03B2F-6F79-438C-B167-662A6D60D60E}.Debug|Any CPU.ActiveCfg = Debug|Any CPU
		{EAE03B2F-6F79-438C-B167-662A6D60D60E}.Debug|Any CPU.Build.0 = Debug|Any CPU
		{EAE03B2F-6F79-438C-B167-662A6D60D60E}.Release|Any CPU.ActiveCfg = Release|Any CPU
		{EAE03B2F-6F79-438C-B167-662A6D60D60E}.Release|Any CPU.Build.0 = Release|Any CPU
		{F2DC5281-5A5B-4D73-8B38-AF2F8B4006AE}.Debug|Any CPU.ActiveCfg = Debug|Any CPU
		{F2DC5281-5A5B-4D73-8B38-AF2F8B4006AE}.Debug|Any CPU.Build.0 = Debug|Any CPU
		{F2DC5281-5A5B-4D73-8B38-AF2F8B4006AE}.Release|Any CPU.ActiveCfg = Release|Any CPU
		{F2DC5281-5A5B-4D73-8B38-AF2F8B4006AE}.Release|Any CPU.Build.0 = Release|Any CPU
		{0F75ECEC-8206-43C5-A3C9-41107262F102}.Debug|Any CPU.ActiveCfg = Debug|Any CPU
		{0F75ECEC-8206-43C5-A3C9-41107262F102}.Debug|Any CPU.Build.0 = Debug|Any CPU
		{0F75ECEC-8206-43C5-A3C9-41107262F102}.Release|Any CPU.ActiveCfg = Release|Any CPU
		{0F75ECEC-8206-43C5-A3C9-41107262F102}.Release|Any CPU.Build.0 = Release|Any CPU
		{A95CC1CC-0FE1-44C5-A13F-BCBAAC0F633D}.Debug|Any CPU.ActiveCfg = Debug|Any CPU
		{A95CC1CC-0FE1-44C5-A13F-BCBAAC0F633D}.Debug|Any CPU.Build.0 = Debug|Any CPU
		{A95CC1CC-0FE1-44C5-A13F-BCBAAC0F633D}.Release|Any CPU.ActiveCfg = Release|Any CPU
		{A95CC1CC-0FE1-44C5-A13F-BCBAAC0F633D}.Release|Any CPU.Build.0 = Release|Any CPU
		{2D6CCA90-31E3-48A8-886D-7F229B7DF359}.Debug|Any CPU.ActiveCfg = Debug|Any CPU
		{2D6CCA90-31E3-48A8-886D-7F229B7DF359}.Debug|Any CPU.Build.0 = Debug|Any CPU
		{2D6CCA90-31E3-48A8-886D-7F229B7DF359}.Release|Any CPU.ActiveCfg = Release|Any CPU
		{2D6CCA90-31E3-48A8-886D-7F229B7DF359}.Release|Any CPU.Build.0 = Release|Any CPU
		{F1B8A203-D0EF-4AEB-B11B-75B6C14BD780}.Debug|Any CPU.ActiveCfg = Debug|Any CPU
		{F1B8A203-D0EF-4AEB-B11B-75B6C14BD780}.Debug|Any CPU.Build.0 = Debug|Any CPU
		{F1B8A203-D0EF-4AEB-B11B-75B6C14BD780}.Release|Any CPU.ActiveCfg = Release|Any CPU
		{F1B8A203-D0EF-4AEB-B11B-75B6C14BD780}.Release|Any CPU.Build.0 = Release|Any CPU
		{4EFA37FE-7B26-489E-9858-55A68FDB7C69}.Debug|Any CPU.ActiveCfg = Debug|Any CPU
		{4EFA37FE-7B26-489E-9858-55A68FDB7C69}.Debug|Any CPU.Build.0 = Debug|Any CPU
		{4EFA37FE-7B26-489E-9858-55A68FDB7C69}.Release|Any CPU.ActiveCfg = Release|Any CPU
		{4EFA37FE-7B26-489E-9858-55A68FDB7C69}.Release|Any CPU.Build.0 = Release|Any CPU
		{A9CD4BE2-2C3F-4E92-8774-6F221F842452}.Debug|Any CPU.ActiveCfg = Debug|Any CPU
		{A9CD4BE2-2C3F-4E92-8774-6F221F842452}.Debug|Any CPU.Build.0 = Debug|Any CPU
		{A9CD4BE2-2C3F-4E92-8774-6F221F842452}.Release|Any CPU.ActiveCfg = Release|Any CPU
		{A9CD4BE2-2C3F-4E92-8774-6F221F842452}.Release|Any CPU.Build.0 = Release|Any CPU
		{09EF293B-7CB6-49A1-B2DD-D0693C591AC5}.Debug|Any CPU.ActiveCfg = Debug|Any CPU
		{09EF293B-7CB6-49A1-B2DD-D0693C591AC5}.Debug|Any CPU.Build.0 = Debug|Any CPU
		{09EF293B-7CB6-49A1-B2DD-D0693C591AC5}.Release|Any CPU.ActiveCfg = Release|Any CPU
		{09EF293B-7CB6-49A1-B2DD-D0693C591AC5}.Release|Any CPU.Build.0 = Release|Any CPU
		{1D24A0ED-7B2B-4A08-AD27-A9E46C47A5D5}.Debug|Any CPU.ActiveCfg = Debug|Any CPU
		{1D24A0ED-7B2B-4A08-AD27-A9E46C47A5D5}.Debug|Any CPU.Build.0 = Debug|Any CPU
		{1D24A0ED-7B2B-4A08-AD27-A9E46C47A5D5}.Release|Any CPU.ActiveCfg = Release|Any CPU
		{1D24A0ED-7B2B-4A08-AD27-A9E46C47A5D5}.Release|Any CPU.Build.0 = Release|Any CPU
		{56EB783B-0489-4FF5-93B0-98507A366007}.Debug|Any CPU.ActiveCfg = Debug|Any CPU
		{56EB783B-0489-4FF5-93B0-98507A366007}.Debug|Any CPU.Build.0 = Debug|Any CPU
		{56EB783B-0489-4FF5-93B0-98507A366007}.Release|Any CPU.ActiveCfg = Release|Any CPU
		{56EB783B-0489-4FF5-93B0-98507A366007}.Release|Any CPU.Build.0 = Release|Any CPU
		{8BED06BC-6900-4A01-B007-F40A83D4D083}.Debug|Any CPU.ActiveCfg = Debug|Any CPU
		{8BED06BC-6900-4A01-B007-F40A83D4D083}.Debug|Any CPU.Build.0 = Debug|Any CPU
		{8BED06BC-6900-4A01-B007-F40A83D4D083}.Release|Any CPU.ActiveCfg = Release|Any CPU
		{8BED06BC-6900-4A01-B007-F40A83D4D083}.Release|Any CPU.Build.0 = Release|Any CPU
		{10A70B57-57F7-42D8-91F0-4E7407BFE69C}.Debug|Any CPU.ActiveCfg = Debug|Any CPU
		{10A70B57-57F7-42D8-91F0-4E7407BFE69C}.Debug|Any CPU.Build.0 = Debug|Any CPU
		{10A70B57-57F7-42D8-91F0-4E7407BFE69C}.Release|Any CPU.ActiveCfg = Release|Any CPU
		{10A70B57-57F7-42D8-91F0-4E7407BFE69C}.Release|Any CPU.Build.0 = Release|Any CPU
		{08EED031-E32B-41A3-A37F-54BEA11E6FE7}.Debug|Any CPU.ActiveCfg = Debug|Any CPU
		{08EED031-E32B-41A3-A37F-54BEA11E6FE7}.Debug|Any CPU.Build.0 = Debug|Any CPU
		{08EED031-E32B-41A3-A37F-54BEA11E6FE7}.Release|Any CPU.ActiveCfg = Release|Any CPU
		{08EED031-E32B-41A3-A37F-54BEA11E6FE7}.Release|Any CPU.Build.0 = Release|Any CPU
		{9D779539-AFDD-4072-B756-529E30F69C3D}.Debug|Any CPU.ActiveCfg = Debug|Any CPU
		{9D779539-AFDD-4072-B756-529E30F69C3D}.Debug|Any CPU.Build.0 = Debug|Any CPU
		{9D779539-AFDD-4072-B756-529E30F69C3D}.Release|Any CPU.ActiveCfg = Release|Any CPU
		{9D779539-AFDD-4072-B756-529E30F69C3D}.Release|Any CPU.Build.0 = Release|Any CPU
		{34666924-FE30-4A87-AAB4-159377087B4B}.Debug|Any CPU.ActiveCfg = Debug|Any CPU
		{34666924-FE30-4A87-AAB4-159377087B4B}.Debug|Any CPU.Build.0 = Debug|Any CPU
		{34666924-FE30-4A87-AAB4-159377087B4B}.Release|Any CPU.ActiveCfg = Release|Any CPU
		{34666924-FE30-4A87-AAB4-159377087B4B}.Release|Any CPU.Build.0 = Release|Any CPU
		{4B7477FD-3AC7-4BE4-BBE3-819FBEF46EB3}.Debug|Any CPU.ActiveCfg = Debug|Any CPU
		{4B7477FD-3AC7-4BE4-BBE3-819FBEF46EB3}.Debug|Any CPU.Build.0 = Debug|Any CPU
		{4B7477FD-3AC7-4BE4-BBE3-819FBEF46EB3}.Release|Any CPU.ActiveCfg = Release|Any CPU
		{4B7477FD-3AC7-4BE4-BBE3-819FBEF46EB3}.Release|Any CPU.Build.0 = Release|Any CPU
		{98BA5CC7-FF2B-4F8C-AAD1-B42788934F0E}.Debug|Any CPU.ActiveCfg = Debug|Any CPU
		{98BA5CC7-FF2B-4F8C-AAD1-B42788934F0E}.Debug|Any CPU.Build.0 = Debug|Any CPU
		{98BA5CC7-FF2B-4F8C-AAD1-B42788934F0E}.Release|Any CPU.ActiveCfg = Release|Any CPU
		{98BA5CC7-FF2B-4F8C-AAD1-B42788934F0E}.Release|Any CPU.Build.0 = Release|Any CPU
		{B31A5397-FE33-4674-925C-D5D1F10B64E9}.Debug|Any CPU.ActiveCfg = Debug|Any CPU
		{B31A5397-FE33-4674-925C-D5D1F10B64E9}.Debug|Any CPU.Build.0 = Debug|Any CPU
		{B31A5397-FE33-4674-925C-D5D1F10B64E9}.Release|Any CPU.ActiveCfg = Release|Any CPU
		{B31A5397-FE33-4674-925C-D5D1F10B64E9}.Release|Any CPU.Build.0 = Release|Any CPU
		{E66631AA-1832-4A56-A9E7-87AF1C6FEA82}.Debug|Any CPU.ActiveCfg = Debug|Any CPU
		{E66631AA-1832-4A56-A9E7-87AF1C6FEA82}.Debug|Any CPU.Build.0 = Debug|Any CPU
		{E66631AA-1832-4A56-A9E7-87AF1C6FEA82}.Release|Any CPU.ActiveCfg = Release|Any CPU
		{E66631AA-1832-4A56-A9E7-87AF1C6FEA82}.Release|Any CPU.Build.0 = Release|Any CPU
		{6F91D711-B146-439F-B5DB-2207816795E6}.Debug|Any CPU.ActiveCfg = Debug|Any CPU
		{6F91D711-B146-439F-B5DB-2207816795E6}.Debug|Any CPU.Build.0 = Debug|Any CPU
		{6F91D711-B146-439F-B5DB-2207816795E6}.Release|Any CPU.ActiveCfg = Release|Any CPU
		{6F91D711-B146-439F-B5DB-2207816795E6}.Release|Any CPU.Build.0 = Release|Any CPU
	EndGlobalSection
	GlobalSection(SolutionProperties) = preSolution
		HideSolutionNode = FALSE
	EndGlobalSection
	GlobalSection(ExtensibilityGlobals) = postSolution
		SolutionGuid = {4CF5F85C-2088-4D80-9A20-403947ABE537}
	EndGlobalSection
EndGlobal
