
Microsoft Visual Studio Solution File, Format Version 12.00
# Visual Studio Version 17
VisualStudioVersion = 17.8.34309.116
MinimumVisualStudioVersion = 10.0.40219.1
Project("{9A19103F-16F7-4668-BE54-9A1E7A4F7556}") = "SangoUtils.FixedNums", "SangoUtils_FixedNum\SangoUtils.FixedNums.csproj", "{6FD05DE5-665D-4128-B14A-7236B2D22FD2}"
EndProject
Project("{9A19103F-16F7-4668-BE54-9A1E7A4F7556}") = "SangoUtils.Physics_Unity", "SangoUtils_Physics\SangoUtils.Physics_Unity.csproj", "{2B4C4104-30C6-431F-BBA7-33EE019C3A91}"
EndProject
Project("{9A19103F-16F7-4668-BE54-9A1E7A4F7556}") = "SangoUtils.Loggers", "SangoUtils_Logger\SangoUtils.Loggers.csproj", "{EAE03B2F-6F79-438C-B167-662A6D60D60E}"
EndProject
Project("{9A19103F-16F7-4668-BE54-9A1E7A4F7556}") = "SangoUtils.IOCPs", "SangoUtils_IOCP\SangoUtils.IOCPs.csproj", "{F2DC5281-5A5B-4D73-8B38-AF2F8B4006AE}"
EndProject
Project("{9A19103F-16F7-4668-BE54-9A1E7A4F7556}") = "SangoUtils.Events", "SangoUtils_Event\SangoUtils.Events.csproj", "{0F75ECEC-8206-43C5-A3C9-41107262F102}"
EndProject
Project("{9A19103F-16F7-4668-BE54-9A1E7A4F7556}") = "SangoUtils.FSMs", "SangoUtils_FSM\SangoUtils.FSMs.csproj", "{A95CC1CC-0FE1-44C5-A13F-BCBAAC0F633D}"
EndProject
Project("{9A19103F-16F7-4668-BE54-9A1E7A4F7556}") = "SangoUtils.Tasks", "SangoUtils_Task\SangoUtils.Tasks.csproj", "{F1B8A203-D0EF-4AEB-B11B-75B6C14BD780}"
EndProject
Project("{9A19103F-16F7-4668-BE54-9A1E7A4F7556}") = "SangoUtils.NetOperations", "SangoUtils_NetOperation\SangoUtils.NetOperations.csproj", "{4EFA37FE-7B26-489E-9858-55A68FDB7C69}"
EndProject
Project("{9A19103F-16F7-4668-BE54-9A1E7A4F7556}") = "SangoUtils.UDPClients", "SangoUtils_UDP\SangoUtils.UDPClients.csproj", "{A9CD4BE2-2C3F-4E92-8774-6F221F842452}"
EndProject
Project("{9A19103F-16F7-4668-BE54-9A1E7A4F7556}") = "SangoUtils.NetAdapters", "SangoUtils_NetAdapter\SangoUtils.NetAdapters.csproj", "{1D24A0ED-7B2B-4A08-AD27-A9E46C47A5D5}"
EndProject
Project("{9A19103F-16F7-4668-BE54-9A1E7A4F7556}") = "SangoUtils.Bases_Unity", "SangoUtils_Bases_UnityEngine\SangoUtils.Bases_Unity.csproj", "{56EB783B-0489-4FF5-93B0-98507A366007}"
EndProject
Project("{9A19103F-16F7-4668-BE54-9A1E7A4F7556}") = "SangoUtils.Bases", "SangoUtils_Bases_Universal\SangoUtils.Bases.csproj", "{8BED06BC-6900-4A01-B007-F40A83D4D083}"
EndProject
Project("{9A19103F-16F7-4668-BE54-9A1E7A4F7556}") = "SangoUtils.Converters", "SangoUtils_Converter\SangoUtils.Converters.csproj", "{08EED031-E32B-41A3-A37F-54BEA11E6FE7}"
EndProject
Project("{9A19103F-16F7-4668-BE54-9A1E7A4F7556}") = "SangoUtils.Sockets", "SangoUtils_Socket\SangoUtils.Sockets.csproj", "{9D779539-AFDD-4072-B756-529E30F69C3D}"
EndProject
Project("{9A19103F-16F7-4668-BE54-9A1E7A4F7556}") = "SangoUtils.NetOperationsClassic", "SangoUtils_NetOperation_Classic\SangoUtils.NetOperationsClassic.csproj", "{34666924-FE30-4A87-AAB4-159377087B4B}"
EndProject
Project("{9A19103F-16F7-4668-BE54-9A1E7A4F7556}") = "SangoUtils.CustomEditors_Unity", "SangoUtils_Editors_UnityEngine\SangoUtils.CustomEditors_Unity.csproj", "{98BA5CC7-FF2B-4F8C-AAD1-B42788934F0E}"
EndProject
Project("{9A19103F-16F7-4668-BE54-9A1E7A4F7556}") = "SangoUtils.Engines_Unity", "SangoUtils.Engines_Unity\SangoUtils.Engines_Unity.csproj", "{E66631AA-1832-4A56-A9E7-87AF1C6FEA82}"
EndProject
Project("{9A19103F-16F7-4668-BE54-9A1E7A4F7556}") = "SangoUtils.HolographySpace_Unity", "SangoUtils.SangoHolographySpace\SangoUtils.HolographySpace_Unity.csproj", "{6F91D711-B146-439F-B5DB-2207816795E6}"
EndProject
Project("{9A19103F-16F7-4668-BE54-9A1E7A4F7556}") = "SangoUtils.EngineEditors_Unity", "SangoUtils.Engines_Unity.Editor\SangoUtils.EngineEditors_Unity.csproj", "{D60EC4C2-E3B4-48F7-88FB-DC1357F73805}"
EndProject
Project("{9A19103F-16F7-4668-BE54-9A1E7A4F7556}") = "SangoUtils.BasesEditor_Unity", "SangoUtils.BasesEditor_Unity\SangoUtils.BasesEditor_Unity.csproj", "{5A5986F8-90E7-4DAF-AE97-52ADC58F6A78}"
EndProject
Project("{9A19103F-16F7-4668-BE54-9A1E7A4F7556}") = "SangoUtils.AOICells", "SangoUtils.AOICells\SangoUtils.AOICells.csproj", "{3607B967-39EF-4B3C-A250-98E108016463}"
EndProject
Project("{9A19103F-16F7-4668-BE54-9A1E7A4F7556}") = "SangoUtils.SQLServices", "SangoUtils.SQLServices\SangoUtils.SQLServices.csproj", "{406DFCE0-F0D4-4D34-B539-40FE17170457}"
EndProject
Project("{9A19103F-16F7-4668-BE54-9A1E7A4F7556}") = "SangoUtils.WebRequests_Unity", "WebRequests_Unity\SangoUtils.WebRequests_Unity.csproj", "{A9CCA632-4305-4F87-93A7-4247A6E245E1}"
EndProject
Project("{9A19103F-16F7-4668-BE54-9A1E7A4F7556}") = "00TestConsoleProject", "00TestConsoleProject\00TestConsoleProject.csproj", "{1AEB7E5B-1632-4B43-BF6A-8233CC7BC155}"
EndProject
Project("{9A19103F-16F7-4668-BE54-9A1E7A4F7556}") = "SangoUtils.Behaviours", "SangoUtils.Behaviours\SangoUtils.Behaviours.csproj", "{A22001D2-2AA1-4126-82DA-B78BC54FC430}"
EndProject
Project("{9A19103F-16F7-4668-BE54-9A1E7A4F7556}") = "SangoUtils.Behaviours_Unity", "SangoUtils.Behaviours_Unity\SangoUtils.Behaviours_Unity.csproj", "{38662486-6C7D-4812-AB95-E5BB2D38AFB1}"
EndProject
Project("{9A19103F-16F7-4668-BE54-9A1E7A4F7556}") = "SangoUtils.Behaviours_Win", "SangoUtils.Behaviours_Win\SangoUtils.Behaviours_Win.csproj", "{24C518AD-5B1E-4EBD-B1A1-75F24961A32D}"
EndProject
Project("{9A19103F-16F7-4668-BE54-9A1E7A4F7556}") = "SangoServers.Bases_ASPNet", "SangoServers.Bases_ASPNet\SangoServers.Bases_ASPNet.csproj", "{DF67FBE7-E2FD-4A61-8665-35106152D502}"
EndProject
Project("{9A19103F-16F7-4668-BE54-9A1E7A4F7556}") = "SangoUtils.UnitySourceGenerators", "SangoUtils.UnitySourceGenerators\SangoUtils.UnitySourceGenerators.csproj", "{FB5B3221-B1AF-4F9D-B4C6-E8F74EDDC2CB}"
EndProject
Global
	GlobalSection(SolutionConfigurationPlatforms) = preSolution
		Debug|Any CPU = Debug|Any CPU
		Release|Any CPU = Release|Any CPU
	EndGlobalSection
	GlobalSection(ProjectConfigurationPlatforms) = postSolution
		{6FD05DE5-665D-4128-B14A-7236B2D22FD2}.Debug|Any CPU.ActiveCfg = Debug|Any CPU
		{6FD05DE5-665D-4128-B14A-7236B2D22FD2}.Debug|Any CPU.Build.0 = Debug|Any CPU
		{6FD05DE5-665D-4128-B14A-7236B2D22FD2}.Release|Any CPU.ActiveCfg = Release|Any CPU
		{6FD05DE5-665D-4128-B14A-7236B2D22FD2}.Release|Any CPU.Build.0 = Release|Any CPU
		{2B4C4104-30C6-431F-BBA7-33EE019C3A91}.Debug|Any CPU.ActiveCfg = Debug|Any CPU
		{2B4C4104-30C6-431F-BBA7-33EE019C3A91}.Debug|Any CPU.Build.0 = Debug|Any CPU
		{2B4C4104-30C6-431F-BBA7-33EE019C3A91}.Release|Any CPU.ActiveCfg = Release|Any CPU
		{2B4C4104-30C6-431F-BBA7-33EE019C3A91}.Release|Any CPU.Build.0 = Release|Any CPU
		{EAE03B2F-6F79-438C-B167-662A6D60D60E}.Debug|Any CPU.ActiveCfg = Debug|Any CPU
		{EAE03B2F-6F79-438C-B167-662A6D60D60E}.Debug|Any CPU.Build.0 = Debug|Any CPU
		{EAE03B2F-6F79-438C-B167-662A6D60D60E}.Release|Any CPU.ActiveCfg = Release|Any CPU
		{EAE03B2F-6F79-438C-B167-662A6D60D60E}.Release|Any CPU.Build.0 = Release|Any CPU
		{F2DC5281-5A5B-4D73-8B38-AF2F8B4006AE}.Debug|Any CPU.ActiveCfg = Debug|Any CPU
		{F2DC5281-5A5B-4D73-8B38-AF2F8B4006AE}.Debug|Any CPU.Build.0 = Debug|Any CPU
		{F2DC5281-5A5B-4D73-8B38-AF2F8B4006AE}.Release|Any CPU.ActiveCfg = Release|Any CPU
		{F2DC5281-5A5B-4D73-8B38-AF2F8B4006AE}.Release|Any CPU.Build.0 = Release|Any CPU
		{0F75ECEC-8206-43C5-A3C9-41107262F102}.Debug|Any CPU.ActiveCfg = Debug|Any CPU
		{0F75ECEC-8206-43C5-A3C9-41107262F102}.Debug|Any CPU.Build.0 = Debug|Any CPU
		{0F75ECEC-8206-43C5-A3C9-41107262F102}.Release|Any CPU.ActiveCfg = Release|Any CPU
		{0F75ECEC-8206-43C5-A3C9-41107262F102}.Release|Any CPU.Build.0 = Release|Any CPU
		{A95CC1CC-0FE1-44C5-A13F-BCBAAC0F633D}.Debug|Any CPU.ActiveCfg = Debug|Any CPU
		{A95CC1CC-0FE1-44C5-A13F-BCBAAC0F633D}.Debug|Any CPU.Build.0 = Debug|Any CPU
		{A95CC1CC-0FE1-44C5-A13F-BCBAAC0F633D}.Release|Any CPU.ActiveCfg = Release|Any CPU
		{A95CC1CC-0FE1-44C5-A13F-BCBAAC0F633D}.Release|Any CPU.Build.0 = Release|Any CPU
		{F1B8A203-D0EF-4AEB-B11B-75B6C14BD780}.Debug|Any CPU.ActiveCfg = Debug|Any CPU
		{F1B8A203-D0EF-4AEB-B11B-75B6C14BD780}.Debug|Any CPU.Build.0 = Debug|Any CPU
		{F1B8A203-D0EF-4AEB-B11B-75B6C14BD780}.Release|Any CPU.ActiveCfg = Release|Any CPU
		{F1B8A203-D0EF-4AEB-B11B-75B6C14BD780}.Release|Any CPU.Build.0 = Release|Any CPU
		{4EFA37FE-7B26-489E-9858-55A68FDB7C69}.Debug|Any CPU.ActiveCfg = Debug|Any CPU
		{4EFA37FE-7B26-489E-9858-55A68FDB7C69}.Debug|Any CPU.Build.0 = Debug|Any CPU
		{4EFA37FE-7B26-489E-9858-55A68FDB7C69}.Release|Any CPU.ActiveCfg = Release|Any CPU
		{4EFA37FE-7B26-489E-9858-55A68FDB7C69}.Release|Any CPU.Build.0 = Release|Any CPU
		{A9CD4BE2-2C3F-4E92-8774-6F221F842452}.Debug|Any CPU.ActiveCfg = Debug|Any CPU
		{A9CD4BE2-2C3F-4E92-8774-6F221F842452}.Debug|Any CPU.Build.0 = Debug|Any CPU
		{A9CD4BE2-2C3F-4E92-8774-6F221F842452}.Release|Any CPU.ActiveCfg = Release|Any CPU
		{A9CD4BE2-2C3F-4E92-8774-6F221F842452}.Release|Any CPU.Build.0 = Release|Any CPU
		{1D24A0ED-7B2B-4A08-AD27-A9E46C47A5D5}.Debug|Any CPU.ActiveCfg = Debug|Any CPU
		{1D24A0ED-7B2B-4A08-AD27-A9E46C47A5D5}.Debug|Any CPU.Build.0 = Debug|Any CPU
		{1D24A0ED-7B2B-4A08-AD27-A9E46C47A5D5}.Release|Any CPU.ActiveCfg = Release|Any CPU
		{1D24A0ED-7B2B-4A08-AD27-A9E46C47A5D5}.Release|Any CPU.Build.0 = Release|Any CPU
		{56EB783B-0489-4FF5-93B0-98507A366007}.Debug|Any CPU.ActiveCfg = Debug|Any CPU
		{56EB783B-0489-4FF5-93B0-98507A366007}.Debug|Any CPU.Build.0 = Debug|Any CPU
		{56EB783B-0489-4FF5-93B0-98507A366007}.Release|Any CPU.ActiveCfg = Release|Any CPU
		{56EB783B-0489-4FF5-93B0-98507A366007}.Release|Any CPU.Build.0 = Release|Any CPU
		{8BED06BC-6900-4A01-B007-F40A83D4D083}.Debug|Any CPU.ActiveCfg = Debug|Any CPU
		{8BED06BC-6900-4A01-B007-F40A83D4D083}.Debug|Any CPU.Build.0 = Debug|Any CPU
		{8BED06BC-6900-4A01-B007-F40A83D4D083}.Release|Any CPU.ActiveCfg = Release|Any CPU
		{8BED06BC-6900-4A01-B007-F40A83D4D083}.Release|Any CPU.Build.0 = Release|Any CPU
		{08EED031-E32B-41A3-A37F-54BEA11E6FE7}.Debug|Any CPU.ActiveCfg = Debug|Any CPU
		{08EED031-E32B-41A3-A37F-54BEA11E6FE7}.Debug|Any CPU.Build.0 = Debug|Any CPU
		{08EED031-E32B-41A3-A37F-54BEA11E6FE7}.Release|Any CPU.ActiveCfg = Release|Any CPU
		{08EED031-E32B-41A3-A37F-54BEA11E6FE7}.Release|Any CPU.Build.0 = Release|Any CPU
		{9D779539-AFDD-4072-B756-529E30F69C3D}.Debug|Any CPU.ActiveCfg = Debug|Any CPU
		{9D779539-AFDD-4072-B756-529E30F69C3D}.Debug|Any CPU.Build.0 = Debug|Any CPU
		{9D779539-AFDD-4072-B756-529E30F69C3D}.Release|Any CPU.ActiveCfg = Release|Any CPU
		{9D779539-AFDD-4072-B756-529E30F69C3D}.Release|Any CPU.Build.0 = Release|Any CPU
		{34666924-FE30-4A87-AAB4-159377087B4B}.Debug|Any CPU.ActiveCfg = Debug|Any CPU
		{34666924-FE30-4A87-AAB4-159377087B4B}.Debug|Any CPU.Build.0 = Debug|Any CPU
		{34666924-FE30-4A87-AAB4-159377087B4B}.Release|Any CPU.ActiveCfg = Release|Any CPU
		{34666924-FE30-4A87-AAB4-159377087B4B}.Release|Any CPU.Build.0 = Release|Any CPU
		{98BA5CC7-FF2B-4F8C-AAD1-B42788934F0E}.Debug|Any CPU.ActiveCfg = Debug|Any CPU
		{98BA5CC7-FF2B-4F8C-AAD1-B42788934F0E}.Debug|Any CPU.Build.0 = Debug|Any CPU
		{98BA5CC7-FF2B-4F8C-AAD1-B42788934F0E}.Release|Any CPU.ActiveCfg = Release|Any CPU
		{98BA5CC7-FF2B-4F8C-AAD1-B42788934F0E}.Release|Any CPU.Build.0 = Release|Any CPU
		{E66631AA-1832-4A56-A9E7-87AF1C6FEA82}.Debug|Any CPU.ActiveCfg = Debug|Any CPU
		{E66631AA-1832-4A56-A9E7-87AF1C6FEA82}.Debug|Any CPU.Build.0 = Debug|Any CPU
		{E66631AA-1832-4A56-A9E7-87AF1C6FEA82}.Release|Any CPU.ActiveCfg = Release|Any CPU
		{E66631AA-1832-4A56-A9E7-87AF1C6FEA82}.Release|Any CPU.Build.0 = Release|Any CPU
		{6F91D711-B146-439F-B5DB-2207816795E6}.Debug|Any CPU.ActiveCfg = Debug|Any CPU
		{6F91D711-B146-439F-B5DB-2207816795E6}.Debug|Any CPU.Build.0 = Debug|Any CPU
		{6F91D711-B146-439F-B5DB-2207816795E6}.Release|Any CPU.ActiveCfg = Release|Any CPU
		{6F91D711-B146-439F-B5DB-2207816795E6}.Release|Any CPU.Build.0 = Release|Any CPU
		{D60EC4C2-E3B4-48F7-88FB-DC1357F73805}.Debug|Any CPU.ActiveCfg = Debug|Any CPU
		{D60EC4C2-E3B4-48F7-88FB-DC1357F73805}.Debug|Any CPU.Build.0 = Debug|Any CPU
		{D60EC4C2-E3B4-48F7-88FB-DC1357F73805}.Release|Any CPU.ActiveCfg = Release|Any CPU
		{D60EC4C2-E3B4-48F7-88FB-DC1357F73805}.Release|Any CPU.Build.0 = Release|Any CPU
		{5A5986F8-90E7-4DAF-AE97-52ADC58F6A78}.Debug|Any CPU.ActiveCfg = Debug|Any CPU
		{5A5986F8-90E7-4DAF-AE97-52ADC58F6A78}.Debug|Any CPU.Build.0 = Debug|Any CPU
		{5A5986F8-90E7-4DAF-AE97-52ADC58F6A78}.Release|Any CPU.ActiveCfg = Release|Any CPU
		{5A5986F8-90E7-4DAF-AE97-52ADC58F6A78}.Release|Any CPU.Build.0 = Release|Any CPU
		{3607B967-39EF-4B3C-A250-98E108016463}.Debug|Any CPU.ActiveCfg = Debug|Any CPU
		{3607B967-39EF-4B3C-A250-98E108016463}.Debug|Any CPU.Build.0 = Debug|Any CPU
		{3607B967-39EF-4B3C-A250-98E108016463}.Release|Any CPU.ActiveCfg = Release|Any CPU
		{3607B967-39EF-4B3C-A250-98E108016463}.Release|Any CPU.Build.0 = Release|Any CPU
		{406DFCE0-F0D4-4D34-B539-40FE17170457}.Debug|Any CPU.ActiveCfg = Debug|Any CPU
		{406DFCE0-F0D4-4D34-B539-40FE17170457}.Debug|Any CPU.Build.0 = Debug|Any CPU
		{406DFCE0-F0D4-4D34-B539-40FE17170457}.Release|Any CPU.ActiveCfg = Release|Any CPU
		{406DFCE0-F0D4-4D34-B539-40FE17170457}.Release|Any CPU.Build.0 = Release|Any CPU
		{A9CCA632-4305-4F87-93A7-4247A6E245E1}.Debug|Any CPU.ActiveCfg = Debug|Any CPU
		{A9CCA632-4305-4F87-93A7-4247A6E245E1}.Debug|Any CPU.Build.0 = Debug|Any CPU
		{A9CCA632-4305-4F87-93A7-4247A6E245E1}.Release|Any CPU.ActiveCfg = Release|Any CPU
		{A9CCA632-4305-4F87-93A7-4247A6E245E1}.Release|Any CPU.Build.0 = Release|Any CPU
		{1AEB7E5B-1632-4B43-BF6A-8233CC7BC155}.Debug|Any CPU.ActiveCfg = Debug|Any CPU
		{1AEB7E5B-1632-4B43-BF6A-8233CC7BC155}.Debug|Any CPU.Build.0 = Debug|Any CPU
		{1AEB7E5B-1632-4B43-BF6A-8233CC7BC155}.Release|Any CPU.ActiveCfg = Release|Any CPU
		{1AEB7E5B-1632-4B43-BF6A-8233CC7BC155}.Release|Any CPU.Build.0 = Release|Any CPU
		{A22001D2-2AA1-4126-82DA-B78BC54FC430}.Debug|Any CPU.ActiveCfg = Debug|Any CPU
		{A22001D2-2AA1-4126-82DA-B78BC54FC430}.Debug|Any CPU.Build.0 = Debug|Any CPU
		{A22001D2-2AA1-4126-82DA-B78BC54FC430}.Release|Any CPU.ActiveCfg = Release|Any CPU
		{A22001D2-2AA1-4126-82DA-B78BC54FC430}.Release|Any CPU.Build.0 = Release|Any CPU
		{38662486-6C7D-4812-AB95-E5BB2D38AFB1}.Debug|Any CPU.ActiveCfg = Debug|Any CPU
		{38662486-6C7D-4812-AB95-E5BB2D38AFB1}.Debug|Any CPU.Build.0 = Debug|Any CPU
		{38662486-6C7D-4812-AB95-E5BB2D38AFB1}.Release|Any CPU.ActiveCfg = Release|Any CPU
		{38662486-6C7D-4812-AB95-E5BB2D38AFB1}.Release|Any CPU.Build.0 = Release|Any CPU
		{24C518AD-5B1E-4EBD-B1A1-75F24961A32D}.Debug|Any CPU.ActiveCfg = Debug|Any CPU
		{24C518AD-5B1E-4EBD-B1A1-75F24961A32D}.Debug|Any CPU.Build.0 = Debug|Any CPU
		{24C518AD-5B1E-4EBD-B1A1-75F24961A32D}.Release|Any CPU.ActiveCfg = Release|Any CPU
		{24C518AD-5B1E-4EBD-B1A1-75F24961A32D}.Release|Any CPU.Build.0 = Release|Any CPU
		{DF67FBE7-E2FD-4A61-8665-35106152D502}.Debug|Any CPU.ActiveCfg = Debug|Any CPU
		{DF67FBE7-E2FD-4A61-8665-35106152D502}.Debug|Any CPU.Build.0 = Debug|Any CPU
		{DF67FBE7-E2FD-4A61-8665-35106152D502}.Release|Any CPU.ActiveCfg = Release|Any CPU
		{DF67FBE7-E2FD-4A61-8665-35106152D502}.Release|Any CPU.Build.0 = Release|Any CPU
		{FB5B3221-B1AF-4F9D-B4C6-E8F74EDDC2CB}.Debug|Any CPU.ActiveCfg = Debug|Any CPU
		{FB5B3221-B1AF-4F9D-B4C6-E8F74EDDC2CB}.Debug|Any CPU.Build.0 = Debug|Any CPU
		{FB5B3221-B1AF-4F9D-B4C6-E8F74EDDC2CB}.Release|Any CPU.ActiveCfg = Release|Any CPU
		{FB5B3221-B1AF-4F9D-B4C6-E8F74EDDC2CB}.Release|Any CPU.Build.0 = Release|Any CPU
	EndGlobalSection
	GlobalSection(SolutionProperties) = preSolution
		HideSolutionNode = FALSE
	EndGlobalSection
	GlobalSection(ExtensibilityGlobals) = postSolution
		SolutionGuid = {4CF5F85C-2088-4D80-9A20-403947ABE537}
	EndGlobalSection
EndGlobal
